#MicroXplorer Configuration settings - do not modify
Dma.Request0=TIM2_CH1
Dma.RequestsNb=1
Dma.TIM2_CH1.0.Direction=DMA_MEMORY_TO_PERIPH
Dma.TIM2_CH1.0.Instance=DMA1_Channel5
Dma.TIM2_CH1.0.MemDataAlignment=DMA_MDATAALIGN_BYTE
Dma.TIM2_CH1.0.MemInc=DMA_MINC_ENABLE
Dma.TIM2_CH1.0.Mode=DMA_CIRCULAR
Dma.TIM2_CH1.0.PeriphDataAlignment=DMA_PDATAALIGN_WORD
Dma.TIM2_CH1.0.PeriphInc=DMA_PINC_DISABLE
Dma.TIM2_CH1.0.Priority=DMA_PRIORITY_HIGH
Dma.TIM2_CH1.0.RequestParameters=Instance,Direction,PeriphInc,MemInc,PeriphDataAlignment,MemDataAlignment,Mode,Priority
File.Version=6
KeepUserPlacement=false
Mcu.Family=STM32F0
Mcu.IP0=DMA
Mcu.IP1=NVIC
Mcu.IP2=RCC
Mcu.IP3=SYS
Mcu.IP4=TIM2
Mcu.IP5=USB
Mcu.IPNb=6
Mcu.Name=STM32F042K(4-6)Tx
Mcu.Package=LQFP32
Mcu.Pin0=PA0
Mcu.Pin1=PA11
Mcu.Pin10=VP_TIM2_VS_ClockSourceINT
Mcu.Pin2=PA12
Mcu.Pin3=PA13
Mcu.Pin4=PA14
Mcu.Pin5=PB5
Mcu.Pin6=PB6
Mcu.Pin7=PB7
Mcu.Pin8=PB8
Mcu.Pin9=VP_SYS_VS_Systick
Mcu.PinsNb=11
Mcu.ThirdPartyNb=0
Mcu.UserConstants=
Mcu.UserName=STM32F042K6Tx
MxCube.Version=5.4.0
MxDb.Version=DB.5.0.40
NVIC.DMA1_Channel4_5_IRQn=true\:0\:0\:false\:false\:true\:false\:true
NVIC.ForceEnableDMAVector=true
NVIC.HardFault_IRQn=true\:0\:0\:false\:false\:true\:false\:false
NVIC.NonMaskableInt_IRQn=true\:0\:0\:false\:false\:true\:false\:false
NVIC.PendSV_IRQn=true\:0\:0\:false\:false\:true\:false\:false
NVIC.SVC_IRQn=true\:0\:0\:false\:false\:true\:false\:false
NVIC.SysTick_IRQn=true\:0\:0\:false\:false\:true\:false\:true
PA0.GPIOParameters=GPIO_Label
PA0.GPIO_Label=LED_PIN
PA0.Locked=true
PA0.Signal=S_TIM2_CH1_ETR
PA11.Mode=Device
PA11.Signal=USB_DM
PA12.Mode=Device
PA12.Signal=USB_DP
PA13.Locked=true
PA13.Mode=Serial_Wire
PA13.Signal=SYS_SWDIO
PA14.Locked=true
PA14.Mode=Serial_Wire
PA14.Signal=SYS_SWCLK
PB5.GPIOParameters=GPIO_Label
PB5.GPIO_Label=F1
PB5.Locked=true
PB5.Signal=GPIO_Input
PB6.GPIOParameters=GPIO_Label
PB6.GPIO_Label=F2
PB6.Locked=true
PB6.Signal=GPIO_Input
PB7.GPIOParameters=GPIO_Label
PB7.GPIO_Label=F3
PB7.Locked=true
PB7.Signal=GPIO_Input
PB8.GPIOParameters=GPIO_Label
PB8.GPIO_Label=F4
PB8.Locked=true
PB8.Signal=GPIO_Input
PCC.Checker=false
PCC.Line=STM32F0x2
PCC.MCU=STM32F042K(4-6)Tx
PCC.PartNumber=STM32F042K6Tx
PCC.Seq0=1
PCC.Seq0.Step0.Average_Current=15.06 mA
PCC.Seq0.Step0.CPU_Frequency=48 MHz
PCC.Seq0.Step0.Category=In DS Table
PCC.Seq0.Step0.DMIPS=0.0
PCC.Seq0.Step0.Duration=1 ms
PCC.Seq0.Step0.Frequency=8 MHz
PCC.Seq0.Step0.Memory=FLASH
PCC.Seq0.Step0.Mode=RUN
PCC.Seq0.Step0.Oscillator=HSI PLL
PCC.Seq0.Step0.Peripherals=GPIOA GPIOB GPIOF I2C1 SPI1 SYS USART2 USB
PCC.Seq0.Step0.TaMax=101.91
PCC.Seq0.Step0.User's_Consumption=0 mA
PCC.Seq0.Step0.Vcore=No Scale
PCC.Seq0.Step0.Vdd=3.6
PCC.Seq0.Step0.Voltage_Source=Vbus
PCC.Series=STM32F0
PCC.Temperature=25
PCC.Vdd=3.6
PinOutPanel.RotationAngle=0
ProjectManager.AskForMigrate=true
ProjectManager.BackupPrevious=false
ProjectManager.CompilerOptimize=6
ProjectManager.ComputerToolchain=false
ProjectManager.CoupleFile=false
ProjectManager.CustomerFirmwarePackage=
ProjectManager.DefaultFWLocation=true
ProjectManager.DeletePrevious=true
ProjectManager.DeviceId=STM32F042K6Tx
ProjectManager.FirmwarePackage=STM32Cube FW_F0 V1.11.0
ProjectManager.FreePins=true
ProjectManager.HalAssertFull=false
ProjectManager.HeapSize=0x100
ProjectManager.KeepUserCode=true
ProjectManager.LastFirmware=true
ProjectManager.LibraryCopy=1
ProjectManager.MainLocation=Src
ProjectManager.NoMain=false
ProjectManager.PreviousToolchain=SW4STM32
ProjectManager.ProjectBuild=false
ProjectManager.ProjectFileName=FLClassic.ioc
ProjectManager.ProjectName=FLClassic
ProjectManager.StackSize=0x200
ProjectManager.TargetToolchain=SW4STM32
ProjectManager.ToolChainLocation=
ProjectManager.UnderRoot=true
ProjectManager.functionlistsort=1-MX_GPIO_Init-GPIO-false-HAL-true,2-SystemClock_Config-RCC-false-HAL-false,3-MX_TIM2_Init-TIM2-false-HAL-true,4-MX_USB_PCD_Init-USB-false-HAL-true,5-MX_DMA_Init-DMA-false-HAL-true
RCC.AHBFreq_Value=48000000
RCC.APB1Freq_Value=48000000
RCC.APB1TimFreq_Value=48000000
RCC.CECFreq_Value=32786.88524590164
RCC.FCLKCortexFreq_Value=48000000
RCC.FamilyName=M
RCC.HCLKFreq_Value=48000000
RCC.HSICECFreq_Value=32786.88524590164
RCC.I2C1Freq_Value=8000000
RCC.I2SFreq_Value=48000000
RCC.IPParameters=AHBFreq_Value,APB1Freq_Value,APB1TimFreq_Value,CECFreq_Value,FCLKCortexFreq_Value,FamilyName,HCLKFreq_Value,HSICECFreq_Value,I2C1Freq_Value,I2SFreq_Value,MCOFreq_Value,PLLCLKFreq_Value,PLLMCOFreq_Value,SYSCLKFreq_VALUE,SYSCLKSource,TimSysFreq_Value,USART1Freq_Value,VCOOutput2Freq_Value
RCC.MCOFreq_Value=48000000
RCC.PLLCLKFreq_Value=16000000
RCC.PLLMCOFreq_Value=16000000
RCC.SYSCLKFreq_VALUE=48000000
RCC.SYSCLKSource=RCC_SYSCLKSOURCE_HSI48
RCC.TimSysFreq_Value=48000000
RCC.USART1Freq_Value=48000000
RCC.VCOOutput2Freq_Value=8000000
SH.S_TIM2_CH1_ETR.0=TIM2_CH1,PWM Generation1 CH1
SH.S_TIM2_CH1_ETR.ConfNb=1
TIM2.AutoReloadPreload=TIM_AUTORELOAD_PRELOAD_DISABLE
TIM2.Channel-PWM\ Generation1\ CH1=TIM_CHANNEL_1
TIM2.IPParameters=Channel-PWM Generation1 CH1,AutoReloadPreload,Period,OCPolarity_1,OCMode_PWM-PWM Generation1 CH1
TIM2.OCMode_PWM-PWM\ Generation1\ CH1=TIM_OCMODE_PWM1
TIM2.OCPolarity_1=TIM_OCPOLARITY_HIGH
TIM2.Period=60-1
VP_SYS_VS_Systick.Mode=SysTick
VP_SYS_VS_Systick.Signal=SYS_VS_Systick
VP_TIM2_VS_ClockSourceINT.Mode=Internal
VP_TIM2_VS_ClockSourceINT.Signal=TIM2_VS_ClockSourceINT
board=custom
